
Microsoft Visual Studio Solution File, Format Version 12.00
# Visual Studio Version 17
VisualStudioVersion = 17.2.32630.192
MinimumVisualStudioVersion = 10.0.40219.1
Project("{FAE04EC0-301F-11D3-BF4B-00C04F79EFBC}") = "APITest", "APITest\APITest.csproj", "{A2D3C02E-8DED-47E4-92BF-268161327F7F}"
EndProject
Global
	GlobalSection(SolutionConfigurationPlatforms) = preSolution
		Debug|Any CPU = Debug|Any CPU
		Release|Any CPU = Release|Any CPU
	EndGlobalSection
	GlobalSection(ProjectConfigurationPlatforms) = postSolution
		{A2D3C02E-8DED-47E4-92BF-268161327F7F}.Debug|Any CPU.ActiveCfg = Debug|Any CPU
		{A2D3C02E-8DED-47E4-92BF-268161327F7F}.Debug|Any CPU.Build.0 = Debug|Any CPU
		{A2D3C02E-8DED-47E4-92BF-268161327F7F}.Release|Any CPU.ActiveCfg = Release|Any CPU
		{A2D3C02E-8DED-47E4-92BF-268161327F7F}.Release|Any CPU.Build.0 = Release|Any CPU
	EndGlobalSection
	GlobalSection(SolutionProperties) = preSolution
		HideSolutionNode = FALSE
	EndGlobalSection
	GlobalSection(ExtensibilityGlobals) = postSolution
		SolutionGuid = {53A816DC-D6AE-408F-A644-9B964B00DB30}
	EndGlobalSection
EndGlobal
